# This file is generated by running "yarn install" inside your project.
# Manual changes might be lost - proceed with caution!

__metadata:
  version: 6
  cacheKey: 8

"aio-pif-sprite-analyser-assets@workspace:.":
  version: 0.0.0-use.local
  resolution: "aio-pif-sprite-analyser-assets@workspace:."
  dependencies:
    image-in-browser: ^2.7.1
  languageName: unknown
  linkType: soft

"image-in-browser@npm:^2.7.1":
  version: 2.7.1
  resolution: "image-in-browser@npm:2.7.1"
  checksum: 72dd7bfb0312359fc8ca43f0896b2a581a0d4275fffb0ad4ebd1b4ace8898d9b1dbda33116741b008d70b400fb57745e69bc578b35832c1872f3315e5ab375b9
  languageName: node
  linkType: hard
